// !$*UTF8*$!
{
	archiveVersion = 1;
	classes = {
	};
	objectVersion = 56;
	objects = {

/* Begin PBXBuildFile section */
		CC9597FC2A31D252007B47C9 /* AppDelegate.swift in Sources */ = {isa = PBXBuildFile; fileRef = CC9597FB2A31D252007B47C9 /* AppDelegate.swift */; };
		CC9597FE2A31D252007B47C9 /* SceneDelegate.swift in Sources */ = {isa = PBXBuildFile; fileRef = CC9597FD2A31D252007B47C9 /* SceneDelegate.swift */; };
		CC9598032A31D252007B47C9 /* Main.storyboard in Resources */ = {isa = PBXBuildFile; fileRef = CC9598012A31D252007B47C9 /* Main.storyboard */; };
		CC9598052A31D253007B47C9 /* Assets.xcassets in Resources */ = {isa = PBXBuildFile; fileRef = CC9598042A31D253007B47C9 /* Assets.xcassets */; };
		CC9598082A31D253007B47C9 /* LaunchScreen.storyboard in Resources */ = {isa = PBXBuildFile; fileRef = CC9598062A31D253007B47C9 /* LaunchScreen.storyboard */; };
		CC9598112A31D961007B47C9 /* MyTabBarController.swift in Sources */ = {isa = PBXBuildFile; fileRef = CC9598102A31D961007B47C9 /* MyTabBarController.swift */; };
		CC9598142A31DA3F007B47C9 /* WelcomeToSwiftViewController.swift in Sources */ = {isa = PBXBuildFile; fileRef = CC9598132A31DA3F007B47C9 /* WelcomeToSwiftViewController.swift */; };
		CC9598182A31DAA1007B47C9 /* SwiftGuideViewController.swift in Sources */ = {isa = PBXBuildFile; fileRef = CC9598172A31DAA1007B47C9 /* SwiftGuideViewController.swift */; };
		CC95981D2A31EC03007B47C9 /* Extensions.swift in Sources */ = {isa = PBXBuildFile; fileRef = CC95981C2A31EC03007B47C9 /* Extensions.swift */; };
		CC9598302A327842007B47C9 /* GuidlinePresentViewController.swift in Sources */ = {isa = PBXBuildFile; fileRef = CC95982F2A327842007B47C9 /* GuidlinePresentViewController.swift */; };
/* End PBXBuildFile section */

/* Begin PBXFileReference section */
		CC9597F82A31D252007B47C9 /* My-Swiftbook.app */ = {isa = PBXFileReference; explicitFileType = wrapper.application; includeInIndex = 0; path = "My-Swiftbook.app"; sourceTree = BUILT_PRODUCTS_DIR; };
		CC9597FB2A31D252007B47C9 /* AppDelegate.swift */ = {isa = PBXFileReference; lastKnownFileType = sourcecode.swift; path = AppDelegate.swift; sourceTree = "<group>"; };
		CC9597FD2A31D252007B47C9 /* SceneDelegate.swift */ = {isa = PBXFileReference; lastKnownFileType = sourcecode.swift; path = SceneDelegate.swift; sourceTree = "<group>"; };
		CC9598022A31D252007B47C9 /* Base */ = {isa = PBXFileReference; lastKnownFileType = file.storyboard; name = Base; path = Base.lproj/Main.storyboard; sourceTree = "<group>"; };
		CC9598042A31D253007B47C9 /* Assets.xcassets */ = {isa = PBXFileReference; lastKnownFileType = folder.assetcatalog; path = Assets.xcassets; sourceTree = "<group>"; };
		CC9598072A31D253007B47C9 /* Base */ = {isa = PBXFileReference; lastKnownFileType = file.storyboard; name = Base; path = Base.lproj/LaunchScreen.storyboard; sourceTree = "<group>"; };
		CC9598092A31D253007B47C9 /* Info.plist */ = {isa = PBXFileReference; lastKnownFileType = text.plist.xml; path = Info.plist; sourceTree = "<group>"; };
		CC9598102A31D961007B47C9 /* MyTabBarController.swift */ = {isa = PBXFileReference; lastKnownFileType = sourcecode.swift; path = MyTabBarController.swift; sourceTree = "<group>"; };
		CC9598132A31DA3F007B47C9 /* WelcomeToSwiftViewController.swift */ = {isa = PBXFileReference; lastKnownFileType = sourcecode.swift; path = WelcomeToSwiftViewController.swift; sourceTree = "<group>"; };
		CC9598172A31DAA1007B47C9 /* SwiftGuideViewController.swift */ = {isa = PBXFileReference; lastKnownFileType = sourcecode.swift; path = SwiftGuideViewController.swift; sourceTree = "<group>"; };
		CC95981C2A31EC03007B47C9 /* Extensions.swift */ = {isa = PBXFileReference; lastKnownFileType = sourcecode.swift; path = Extensions.swift; sourceTree = "<group>"; };
		CC95982F2A327842007B47C9 /* GuidlinePresentViewController.swift */ = {isa = PBXFileReference; lastKnownFileType = sourcecode.swift; path = GuidlinePresentViewController.swift; sourceTree = "<group>"; };
/* End PBXFileReference section */

/* Begin PBXFrameworksBuildPhase section */
		CC9597F52A31D252007B47C9 /* Frameworks */ = {
			isa = PBXFrameworksBuildPhase;
			buildActionMask = 2147483647;
			files = (
			);
			runOnlyForDeploymentPostprocessing = 0;
		};
/* End PBXFrameworksBuildPhase section */

/* Begin PBXGroup section */
		CC9597EF2A31D252007B47C9 = {
			isa = PBXGroup;
			children = (
				CC9597FA2A31D252007B47C9 /* My-Swiftbook */,
				CC9597F92A31D252007B47C9 /* Products */,
			);
			sourceTree = "<group>";
		};
		CC9597F92A31D252007B47C9 /* Products */ = {
			isa = PBXGroup;
			children = (
				CC9597F82A31D252007B47C9 /* My-Swiftbook.app */,
			);
			name = Products;
			sourceTree = "<group>";
		};
		CC9597FA2A31D252007B47C9 /* My-Swiftbook */ = {
			isa = PBXGroup;
			children = (
				CC9598202A31F154007B47C9 /*  Language Guide */,
				CC9597FB2A31D252007B47C9 /* AppDelegate.swift */,
				CC9597FD2A31D252007B47C9 /* SceneDelegate.swift */,
				CC9598012A31D252007B47C9 /* Main.storyboard */,
				CC95980F2A31D933007B47C9 /* MyTabBarController */,
				CC9598042A31D253007B47C9 /* Assets.xcassets */,
				CC9598062A31D253007B47C9 /* LaunchScreen.storyboard */,
				CC9598092A31D253007B47C9 /* Info.plist */,
			);
			path = "My-Swiftbook";
			sourceTree = "<group>";
		};
		CC95980F2A31D933007B47C9 /* MyTabBarController */ = {
			isa = PBXGroup;
			children = (
				CC9598122A31D9F6007B47C9 /* MyViewControllers */,
			);
			path = MyTabBarController;
			sourceTree = "<group>";
		};
		CC9598122A31D9F6007B47C9 /* MyViewControllers */ = {
			isa = PBXGroup;
			children = (
				CC9598102A31D961007B47C9 /* MyTabBarController.swift */,
				CC9598152A31DA58007B47C9 /* WelcomeToSwift */,
				CC9598162A31DA79007B47C9 /* SwiftGuide */,
			);
			path = MyViewControllers;
			sourceTree = "<group>";
		};
		CC9598152A31DA58007B47C9 /* WelcomeToSwift */ = {
			isa = PBXGroup;
			children = (
				CC9598132A31DA3F007B47C9 /* WelcomeToSwiftViewController.swift */,
			);
			path = WelcomeToSwift;
			sourceTree = "<group>";
		};
		CC9598162A31DA79007B47C9 /* SwiftGuide */ = {
			isa = PBXGroup;
			children = (
				CC9598172A31DAA1007B47C9 /* SwiftGuideViewController.swift */,
				CC95981C2A31EC03007B47C9 /* Extensions.swift */,
			);
			path = SwiftGuide;
			sourceTree = "<group>";
		};
		CC9598202A31F154007B47C9 /*  Language Guide */ = {
			isa = PBXGroup;
			children = (
				CC95982F2A327842007B47C9 /* GuidlinePresentViewController.swift */,
			);
			path = " Language Guide";
			sourceTree = "<group>";
		};
/* End PBXGroup section */

/* Begin PBXNativeTarget section */
		CC9597F72A31D252007B47C9 /* My-Swiftbook */ = {
			isa = PBXNativeTarget;
			buildConfigurationList = CC95980C2A31D253007B47C9 /* Build configuration list for PBXNativeTarget "My-Swiftbook" */;
			buildPhases = (
				CC9597F42A31D252007B47C9 /* Sources */,
				CC9597F52A31D252007B47C9 /* Frameworks */,
				CC9597F62A31D252007B47C9 /* Resources */,
			);
			buildRules = (
			);
			dependencies = (
			);
			name = "My-Swiftbook";
			productName = "My-Swiftbook";
			productReference = CC9597F82A31D252007B47C9 /* My-Swiftbook.app */;
			productType = "com.apple.product-type.application";
		};
/* End PBXNativeTarget section */

/* Begin PBXProject section */
		CC9597F02A31D252007B47C9 /* Project object */ = {
			isa = PBXProject;
			attributes = {
				BuildIndependentTargetsInParallel = 1;
				LastSwiftUpdateCheck = 1430;
				LastUpgradeCheck = 1430;
				TargetAttributes = {
					CC9597F72A31D252007B47C9 = {
						CreatedOnToolsVersion = 14.3.1;
					};
				};
			};
			buildConfigurationList = CC9597F32A31D252007B47C9 /* Build configuration list for PBXProject "My-Swiftbook" */;
			compatibilityVersion = "Xcode 14.0";
			developmentRegion = en;
			hasScannedForEncodings = 0;
			knownRegions = (
				en,
				Base,
			);
			mainGroup = CC9597EF2A31D252007B47C9;
			productRefGroup = CC9597F92A31D252007B47C9 /* Products */;
			projectDirPath = "";
			projectRoot = "";
			targets = (
				CC9597F72A31D252007B47C9 /* My-Swiftbook */,
			);
		};
/* End PBXProject section */

/* Begin PBXResourcesBuildPhase section */
		CC9597F62A31D252007B47C9 /* Resources */ = {
			isa = PBXResourcesBuildPhase;
			buildActionMask = 2147483647;
			files = (
				CC9598082A31D253007B47C9 /* LaunchScreen.storyboard in Resources */,
				CC9598052A31D253007B47C9 /* Assets.xcassets in Resources */,
				CC9598032A31D252007B47C9 /* Main.storyboard in Resources */,
			);
			runOnlyForDeploymentPostprocessing = 0;
		};
/* End PBXResourcesBuildPhase section */

/* Begin PBXSourcesBuildPhase section */
		CC9597F42A31D252007B47C9 /* Sources */ = {
			isa = PBXSourcesBuildPhase;
			buildActionMask = 2147483647;
			files = (
				CC9598142A31DA3F007B47C9 /* WelcomeToSwiftViewController.swift in Sources */,
				CC95981D2A31EC03007B47C9 /* Extensions.swift in Sources */,
				CC9598112A31D961007B47C9 /* MyTabBarController.swift in Sources */,
				CC9598302A327842007B47C9 /* GuidlinePresentViewController.swift in Sources */,
				CC9597FC2A31D252007B47C9 /* AppDelegate.swift in Sources */,
				CC9597FE2A31D252007B47C9 /* SceneDelegate.swift in Sources */,
				CC9598182A31DAA1007B47C9 /* SwiftGuideViewController.swift in Sources */,
			);
			runOnlyForDeploymentPostprocessing = 0;
		};
/* End PBXSourcesBuildPhase section */

/* Begin PBXVariantGroup section */
		CC9598012A31D252007B47C9 /* Main.storyboard */ = {
			isa = PBXVariantGroup;
			children = (
				CC9598022A31D252007B47C9 /* Base */,
			);
			name = Main.storyboard;
			sourceTree = "<group>";
		};
		CC9598062A31D253007B47C9 /* LaunchScreen.storyboard */ = {
			isa = PBXVariantGroup;
			children = (
				CC9598072A31D253007B47C9 /* Base */,
			);
			name = LaunchScreen.storyboard;
			sourceTree = "<group>";
		};
/* End PBXVariantGroup section */

/* Begin XCBuildConfiguration section */
		CC95980A2A31D253007B47C9 /* Debug */ = {
			isa = XCBuildConfiguration;
			buildSettings = {
				ALWAYS_SEARCH_USER_PATHS = NO;
				CLANG_ANALYZER_NONNULL = YES;
				CLANG_ANALYZER_NUMBER_OBJECT_CONVERSION = YES_AGGRESSIVE;
				CLANG_CXX_LANGUAGE_STANDARD = "gnu++20";
				CLANG_ENABLE_MODULES = YES;
				CLANG_ENABLE_OBJC_ARC = YES;
				CLANG_ENABLE_OBJC_WEAK = YES;
				CLANG_WARN_BLOCK_CAPTURE_AUTORELEASING = YES;
				CLANG_WARN_BOOL_CONVERSION = YES;
				CLANG_WARN_COMMA = YES;
				CLANG_WARN_CONSTANT_CONVERSION = YES;
				CLANG_WARN_DEPRECATED_OBJC_IMPLEMENTATIONS = YES;
				CLANG_WARN_DIRECT_OBJC_ISA_USAGE = YES_ERROR;
				CLANG_WARN_DOCUMENTATION_COMMENTS = YES;
				CLANG_WARN_EMPTY_BODY = YES;
				CLANG_WARN_ENUM_CONVERSION = YES;
				CLANG_WARN_INFINITE_RECURSION = YES;
				CLANG_WARN_INT_CONVERSION = YES;
				CLANG_WARN_NON_LITERAL_NULL_CONVERSION = YES;
				CLANG_WARN_OBJC_IMPLICIT_RETAIN_SELF = YES;
				CLANG_WARN_OBJC_LITERAL_CONVERSION = YES;
				CLANG_WARN_OBJC_ROOT_CLASS = YES_ERROR;
				CLANG_WARN_QUOTED_INCLUDE_IN_FRAMEWORK_HEADER = YES;
				CLANG_WARN_RANGE_LOOP_ANALYSIS = YES;
				CLANG_WARN_STRICT_PROTOTYPES = YES;
				CLANG_WARN_SUSPICIOUS_MOVE = YES;
				CLANG_WARN_UNGUARDED_AVAILABILITY = YES_AGGRESSIVE;
				CLANG_WARN_UNREACHABLE_CODE = YES;
				CLANG_WARN__DUPLICATE_METHOD_MATCH = YES;
				COPY_PHASE_STRIP = NO;
				DEBUG_INFORMATION_FORMAT = dwarf;
				ENABLE_STRICT_OBJC_MSGSEND = YES;
				ENABLE_TESTABILITY = YES;
				GCC_C_LANGUAGE_STANDARD = gnu11;
				GCC_DYNAMIC_NO_PIC = NO;
				GCC_NO_COMMON_BLOCKS = YES;
				GCC_OPTIMIZATION_LEVEL = 0;
				GCC_PREPROCESSOR_DEFINITIONS = (
					"DEBUG=1",
					"$(inherited)",
				);
				GCC_WARN_64_TO_32_BIT_CONVERSION = YES;
				GCC_WARN_ABOUT_RETURN_TYPE = YES_ERROR;
				GCC_WARN_UNDECLARED_SELECTOR = YES;
				GCC_WARN_UNINITIALIZED_AUTOS = YES_AGGRESSIVE;
				GCC_WARN_UNUSED_FUNCTION = YES;
				GCC_WARN_UNUSED_VARIABLE = YES;
				IPHONEOS_DEPLOYMENT_TARGET = 16.4;
				MTL_ENABLE_DEBUG_INFO = INCLUDE_SOURCE;
				MTL_FAST_MATH = YES;
				ONLY_ACTIVE_ARCH = YES;
				SDKROOT = iphoneos;
				SWIFT_ACTIVE_COMPILATION_CONDITIONS = DEBUG;
				SWIFT_OPTIMIZATION_LEVEL = "-Onone";
			};
			name = Debug;
		};
		CC95980B2A31D253007B47C9 /* Release */ = {
			isa = XCBuildConfiguration;
			buildSettings = {
				ALWAYS_SEARCH_USER_PATHS = NO;
				CLANG_ANALYZER_NONNULL = YES;
				CLANG_ANALYZER_NUMBER_OBJECT_CONVERSION = YES_AGGRESSIVE;
				CLANG_CXX_LANGUAGE_STANDARD = "gnu++20";
				CLANG_ENABLE_MODULES = YES;
				CLANG_ENABLE_OBJC_ARC = YES;
				CLANG_ENABLE_OBJC_WEAK = YES;
				CLANG_WARN_BLOCK_CAPTURE_AUTORELEASING = YES;
				CLANG_WARN_BOOL_CONVERSION = YES;
				CLANG_WARN_COMMA = YES;
				CLANG_WARN_CONSTANT_CONVERSION = YES;
				CLANG_WARN_DEPRECATED_OBJC_IMPLEMENTATIONS = YES;
				CLANG_WARN_DIRECT_OBJC_ISA_USAGE = YES_ERROR;
				CLANG_WARN_DOCUMENTATION_COMMENTS = YES;
				CLANG_WARN_EMPTY_BODY = YES;
				CLANG_WARN_ENUM_CONVERSION = YES;
				CLANG_WARN_INFINITE_RECURSION = YES;
				CLANG_WARN_INT_CONVERSION = YES;
				CLANG_WARN_NON_LITERAL_NULL_CONVERSION = YES;
				CLANG_WARN_OBJC_IMPLICIT_RETAIN_SELF = YES;
				CLANG_WARN_OBJC_LITERAL_CONVERSION = YES;
				CLANG_WARN_OBJC_ROOT_CLASS = YES_ERROR;
				CLANG_WARN_QUOTED_INCLUDE_IN_FRAMEWORK_HEADER = YES;
				CLANG_WARN_RANGE_LOOP_ANALYSIS = YES;
				CLANG_WARN_STRICT_PROTOTYPES = YES;
				CLANG_WARN_SUSPICIOUS_MOVE = YES;
				CLANG_WARN_UNGUARDED_AVAILABILITY = YES_AGGRESSIVE;
				CLANG_WARN_UNREACHABLE_CODE = YES;
				CLANG_WARN__DUPLICATE_METHOD_MATCH = YES;
				COPY_PHASE_STRIP = NO;
				DEBUG_INFORMATION_FORMAT = "dwarf-with-dsym";
				ENABLE_NS_ASSERTIONS = NO;
				ENABLE_STRICT_OBJC_MSGSEND = YES;
				GCC_C_LANGUAGE_STANDARD = gnu11;
				GCC_NO_COMMON_BLOCKS = YES;
				GCC_WARN_64_TO_32_BIT_CONVERSION = YES;
				GCC_WARN_ABOUT_RETURN_TYPE = YES_ERROR;
				GCC_WARN_UNDECLARED_SELECTOR = YES;
				GCC_WARN_UNINITIALIZED_AUTOS = YES_AGGRESSIVE;
				GCC_WARN_UNUSED_FUNCTION = YES;
				GCC_WARN_UNUSED_VARIABLE = YES;
				IPHONEOS_DEPLOYMENT_TARGET = 16.4;
				MTL_ENABLE_DEBUG_INFO = NO;
				MTL_FAST_MATH = YES;
				SDKROOT = iphoneos;
				SWIFT_COMPILATION_MODE = wholemodule;
				SWIFT_OPTIMIZATION_LEVEL = "-O";
				VALIDATE_PRODUCT = YES;
			};
			name = Release;
		};
		CC95980D2A31D253007B47C9 /* Debug */ = {
			isa = XCBuildConfiguration;
			buildSettings = {
				ASSETCATALOG_COMPILER_APPICON_NAME = AppIcon;
				ASSETCATALOG_COMPILER_GLOBAL_ACCENT_COLOR_NAME = AccentColor;
				CODE_SIGN_STYLE = Automatic;
				CURRENT_PROJECT_VERSION = 1;
				DEVELOPMENT_TEAM = WS26NXG635;
				GENERATE_INFOPLIST_FILE = YES;
				INFOPLIST_FILE = "My-Swiftbook/Info.plist";
				INFOPLIST_KEY_UIApplicationSupportsIndirectInputEvents = YES;
				INFOPLIST_KEY_UILaunchStoryboardName = LaunchScreen;
				INFOPLIST_KEY_UIMainStoryboardFile = Main;
				INFOPLIST_KEY_UISupportedInterfaceOrientations_iPad = "UIInterfaceOrientationPortrait UIInterfaceOrientationPortraitUpsideDown UIInterfaceOrientationLandscapeLeft UIInterfaceOrientationLandscapeRight";
				INFOPLIST_KEY_UISupportedInterfaceOrientations_iPhone = "UIInterfaceOrientationPortrait UIInterfaceOrientationLandscapeLeft UIInterfaceOrientationLandscapeRight";
				LD_RUNPATH_SEARCH_PATHS = (
					"$(inherited)",
					"@executable_path/Frameworks",
				);
				MARKETING_VERSION = 1.0;
				PRODUCT_BUNDLE_IDENTIFIER = "ios-Swiftbook.My-Swiftbook";
				PRODUCT_NAME = "$(TARGET_NAME)";
				SWIFT_EMIT_LOC_STRINGS = YES;
				SWIFT_VERSION = 5.0;
				TARGETED_DEVICE_FAMILY = "1,2";
			};
			name = Debug;
		};
		CC95980E2A31D253007B47C9 /* Release */ = {
			isa = XCBuildConfiguration;
			buildSettings = {
				ASSETCATALOG_COMPILER_APPICON_NAME = AppIcon;
				ASSETCATALOG_COMPILER_GLOBAL_ACCENT_COLOR_NAME = AccentColor;
				CODE_SIGN_STYLE = Automatic;
				CURRENT_PROJECT_VERSION = 1;
				DEVELOPMENT_TEAM = WS26NXG635;
				GENERATE_INFOPLIST_FILE = YES;
				INFOPLIST_FILE = "My-Swiftbook/Info.plist";
				INFOPLIST_KEY_UIApplicationSupportsIndirectInputEvents = YES;
				INFOPLIST_KEY_UILaunchStoryboardName = LaunchScreen;
				INFOPLIST_KEY_UIMainStoryboardFile = Main;
				INFOPLIST_KEY_UISupportedInterfaceOrientations_iPad = "UIInterfaceOrientationPortrait UIInterfaceOrientationPortraitUpsideDown UIInterfaceOrientationLandscapeLeft UIInterfaceOrientationLandscapeRight";
				INFOPLIST_KEY_UISupportedInterfaceOrientations_iPhone = "UIInterfaceOrientationPortrait UIInterfaceOrientationLandscapeLeft UIInterfaceOrientationLandscapeRight";
				LD_RUNPATH_SEARCH_PATHS = (
					"$(inherited)",
					"@executable_path/Frameworks",
				);
				MARKETING_VERSION = 1.0;
				PRODUCT_BUNDLE_IDENTIFIER = "ios-Swiftbook.My-Swiftbook";
				PRODUCT_NAME = "$(TARGET_NAME)";
				SWIFT_EMIT_LOC_STRINGS = YES;
				SWIFT_VERSION = 5.0;
				TARGETED_DEVICE_FAMILY = "1,2";
			};
			name = Release;
		};
/* End XCBuildConfiguration section */

/* Begin XCConfigurationList section */
		CC9597F32A31D252007B47C9 /* Build configuration list for PBXProject "My-Swiftbook" */ = {
			isa = XCConfigurationList;
			buildConfigurations = (
				CC95980A2A31D253007B47C9 /* Debug */,
				CC95980B2A31D253007B47C9 /* Release */,
			);
			defaultConfigurationIsVisible = 0;
			defaultConfigurationName = Release;
		};
		CC95980C2A31D253007B47C9 /* Build configuration list for PBXNativeTarget "My-Swiftbook" */ = {
			isa = XCConfigurationList;
			buildConfigurations = (
				CC95980D2A31D253007B47C9 /* Debug */,
				CC95980E2A31D253007B47C9 /* Release */,
			);
			defaultConfigurationIsVisible = 0;
			defaultConfigurationName = Release;
		};
/* End XCConfigurationList section */
	};
	rootObject = CC9597F02A31D252007B47C9 /* Project object */;
}
